{
  "name": "Utopia",
  "lockfileVersion": 2,
  "requires": true,
  "packages": {}
  "requires": true,
  "lockfileVersion": 1,
  "dependencies": {
    "@draft-js-plugins/buttons": {
      "version": "4.1.1",
      "resolved": "https://registry.npmjs.org/@draft-js-plugins/buttons/-/buttons-4.1.1.tgz",
      "integrity": "sha512-Z6dHYMq9tgJbLV3Jm4ATT5yH5TtnynuDBOSODUESvi3S/bfzn9Gca73nQ7u1Rt1SEilkKtsbsp0XIGx4pPR50Q==",
      "requires": {
        "clsx": "^1.0.4"
      }
    },
    "@draft-js-plugins/mention": {
      "version": "4.5.2",
      "resolved": "https://registry.npmjs.org/@draft-js-plugins/mention/-/mention-4.5.2.tgz",
      "integrity": "sha512-WD9lF5PyO2vU2gXY8p0B0atQX8+DzFxfsXqqUFbzyAmH6FtwB+qIJVAOsLjV+R/1SC/9RcscSQRjiKQ5pu2KOQ==",
      "requires": {
        "@popperjs/core": "^2.9.2",
        "@types/lodash": "^4.14.170",
        "clsx": "^1.0.4",
        "immutable": "~3.7.4",
        "lodash": "^4.17.21",
        "lodash-es": "^4.17.21",
        "prop-types": "^15.5.8",
        "react-popper": "^2.2.5"
      }
    },
    "@draft-js-plugins/static-toolbar": {
      "version": "4.1.1",
      "resolved": "https://registry.npmjs.org/@draft-js-plugins/static-toolbar/-/static-toolbar-4.1.1.tgz",
      "integrity": "sha512-8IChCMyhMYYnIzHZ81BJuFObWHpgeX1w50Gw7QBkxXRwNk18E3ROrYULBQoSZCq5n80SWcyP7eZgSnHrfE8QKw==",
      "requires": {
        "@draft-js-plugins/buttons": "^4.0.0",
        "@draft-js-plugins/utils": "^4.0.0",
        "prop-types": "^15.5.8"
      }
    },
    "@draft-js-plugins/utils": {
      "version": "4.2.0",
      "resolved": "https://registry.npmjs.org/@draft-js-plugins/utils/-/utils-4.2.0.tgz",
      "integrity": "sha512-tQhf7a0S9ZDtOb0Mje5a+xTOT6LVDRv2LueEqqVdX4aI+oh0jjkAuP0oTiZBv6h7K9XSPgsQ08q9+kwHc3EyUg=="
    },
    "@popperjs/core": {
      "version": "2.9.2",
      "resolved": "https://registry.npmjs.org/@popperjs/core/-/core-2.9.2.tgz",
      "integrity": "sha512-VZMYa7+fXHdwIq1TDhSXoVmSPEGM/aa+6Aiq3nVVJ9bXr24zScr+NlKFKC3iPljA7ho/GAZr+d2jOf5GIRC30Q=="
    },
    "@types/lodash": {
      "version": "4.14.170",
      "resolved": "https://registry.npmjs.org/@types/lodash/-/lodash-4.14.170.tgz",
      "integrity": "sha512-bpcvu/MKHHeYX+qeEN8GE7DIravODWdACVA1ctevD8CN24RhPZIKMn9ntfAsrvLfSX3cR5RrBKAbYm9bGs0A+Q=="
    },
    "asap": {
      "version": "2.0.6",
      "resolved": "https://registry.npmjs.org/asap/-/asap-2.0.6.tgz",
      "integrity": "sha1-5QNHYR1+aQlDIIu9r+vLwvuGbUY="
    },
    "classnames": {
      "version": "2.3.1",
      "resolved": "https://registry.npmjs.org/classnames/-/classnames-2.3.1.tgz",
      "integrity": "sha512-OlQdbZ7gLfGarSqxesMesDa5uz7KFbID8Kpq/SxIoNGDqY8lSYs0D+hhtBXhcdB3rcbXArFr7vlHheLk1voeNA=="
    },
    "clsx": {
      "version": "1.1.1",
      "resolved": "https://registry.npmjs.org/clsx/-/clsx-1.1.1.tgz",
      "integrity": "sha512-6/bPho624p3S2pMyvP5kKBPXnI3ufHLObBFCfgx+LkeR5lg2XYy2hqZqUf45ypD8COn2bhgGJSUE+l5dhNBieA=="
    },
    "core-js": {
      "version": "3.15.2",
      "resolved": "https://registry.npmjs.org/core-js/-/core-js-3.15.2.tgz",
      "integrity": "sha512-tKs41J7NJVuaya8DxIOCnl8QuPHx5/ZVbFo1oKgVl1qHFBBrDctzQGtuLjPpRdNTWmKPH6oEvgN/MUID+l485Q=="
    },
    "cross-fetch": {
      "version": "3.1.4",
      "resolved": "https://registry.npmjs.org/cross-fetch/-/cross-fetch-3.1.4.tgz",
      "integrity": "sha512-1eAtFWdIubi6T4XPy6ei9iUFoKpUkIF971QLN8lIvvvwueI65+Nw5haMNKUwfJxabqlIIDODJKGrQ66gxC0PbQ==",
      "requires": {
        "node-fetch": "2.6.1"
      }
    },
    "draft-js": {
      "version": "0.11.7",
      "resolved": "https://registry.npmjs.org/draft-js/-/draft-js-0.11.7.tgz",
      "integrity": "sha512-ne7yFfN4sEL82QPQEn80xnADR8/Q6ALVworbC5UOSzOvjffmYfFsr3xSZtxbIirti14R7Y33EZC5rivpLgIbsg==",
      "requires": {
        "fbjs": "^2.0.0",
        "immutable": "~3.7.4",
        "object-assign": "^4.1.1"
      }
    },
    "draft-js-mention-plugin": {
      "version": "3.1.5",
      "resolved": "https://registry.npmjs.org/draft-js-mention-plugin/-/draft-js-mention-plugin-3.1.5.tgz",
      "integrity": "sha512-GIOmDhwOodgCCX9GKA+uLcKIYkrYVeHk6oajzGMaH81sEH3Cg8mnU4OgmzQBMz4UtXympxtTbDGX2SUPUskrrg==",
      "requires": {
        "clsx": "^1.0.4",
        "immutable": "~3.7.4",
        "lodash": "^4.17.14",
        "prop-types": "^15.5.8",
        "union-class-names": "^1.0.0"
      }
    },
    "draft-js-plugins-editor": {
      "version": "3.0.0",
      "resolved": "https://registry.npmjs.org/draft-js-plugins-editor/-/draft-js-plugins-editor-3.0.0.tgz",
      "integrity": "sha512-bFEL0FUIPg9VK3KSeBZ3D+uMqQEVe4Cv7++LWCMASRH02jy6x2f87NRxSZLzTQES5+oL6Qg+OEUlaTn409145A==",
      "requires": {
        "immutable": "~3.7.4",
        "prop-types": "^15.5.8"
      }
    },
    "draftjs-to-html": {
      "version": "0.9.1",
      "resolved": "https://registry.npmjs.org/draftjs-to-html/-/draftjs-to-html-0.9.1.tgz",
      "integrity": "sha512-fFstE6+IayaVFBEvaFt/wN8vdj8FsTRzij7dy7LI9QIwf5LgfHFi9zSpvCg+feJ2tbYVqHxUkjcibwpsTpgFVQ=="
    },
    "draftjs-utils": {
      "version": "0.10.2",
      "resolved": "https://registry.npmjs.org/draftjs-utils/-/draftjs-utils-0.10.2.tgz",
      "integrity": "sha512-EstHqr3R3JVcilJrBaO/A+01GvwwKmC7e4TCjC7S94ZeMh4IVmf60OuQXtHHpwItK8C2JCi3iljgN5KHkJboUg=="
    },
    "fbjs": {
      "version": "2.0.0",
      "resolved": "https://registry.npmjs.org/fbjs/-/fbjs-2.0.0.tgz",
      "integrity": "sha512-8XA8ny9ifxrAWlyhAbexXcs3rRMtxWcs3M0lctLfB49jRDHiaxj+Mo0XxbwE7nKZYzgCFoq64FS+WFd4IycPPQ==",
      "requires": {
        "core-js": "^3.6.4",
        "cross-fetch": "^3.0.4",
        "fbjs-css-vars": "^1.0.0",
        "loose-envify": "^1.0.0",
        "object-assign": "^4.1.0",
        "promise": "^7.1.1",
        "setimmediate": "^1.0.5",
        "ua-parser-js": "^0.7.18"
      }
    },
    "fbjs-css-vars": {
      "version": "1.0.2",
      "resolved": "https://registry.npmjs.org/fbjs-css-vars/-/fbjs-css-vars-1.0.2.tgz",
      "integrity": "sha512-b2XGFAFdWZWg0phtAWLHCk836A1Xann+I+Dgd3Gk64MHKZO44FfoD1KxyvbSh0qZsIoXQGGlVztIY+oitJPpRQ=="
    },
    "html-to-draftjs": {
      "version": "1.5.0",
      "resolved": "https://registry.npmjs.org/html-to-draftjs/-/html-to-draftjs-1.5.0.tgz",
      "integrity": "sha512-kggLXBNciKDwKf+KYsuE+V5gw4dZ7nHyGMX9m0wy7urzWjKGWyNFetmArRLvRV0VrxKN70WylFsJvMTJx02OBQ=="
    },
    "immutable": {
      "version": "3.7.6",
      "resolved": "https://registry.npmjs.org/immutable/-/immutable-3.7.6.tgz",
      "integrity": "sha1-E7TTyxK++hVIKib+Gy665kAHHks="
    },
    "js-tokens": {
      "version": "4.0.0",
      "resolved": "https://registry.npmjs.org/js-tokens/-/js-tokens-4.0.0.tgz",
      "integrity": "sha512-RdJUflcE3cUzKiMqQgsCu06FPu9UdIJO0beYbPhHN4k6apgJtifcoCtT9bcxOpYBtpD2kCM6Sbzg4CausW/PKQ=="
    },
    "linkify-it": {
      "version": "2.2.0",
      "resolved": "https://registry.npmjs.org/linkify-it/-/linkify-it-2.2.0.tgz",
      "integrity": "sha512-GnAl/knGn+i1U/wjBz3akz2stz+HrHLsxMwHQGofCDfPvlf+gDKN58UtfmUquTY4/MXeE2x7k19KQmeoZi94Iw==",
      "requires": {
        "uc.micro": "^1.0.1"
      }
    },
    "lodash": {
      "version": "4.17.21",
      "resolved": "https://registry.npmjs.org/lodash/-/lodash-4.17.21.tgz",
      "integrity": "sha512-v2kDEe57lecTulaDIuNTPy3Ry4gLGJ6Z1O3vE1krgXZNrsQ+LFTGHVxVjcXPs17LhbZVGedAJv8XZ1tvj5FvSg=="
    },
    "lodash-es": {
      "version": "4.17.21",
      "resolved": "https://registry.npmjs.org/lodash-es/-/lodash-es-4.17.21.tgz",
      "integrity": "sha512-mKnC+QJ9pWVzv+C4/U3rRsHapFfHvQFoFB92e52xeyGMcX6/OlIl78je1u8vePzYZSkkogMPJ2yjxxsb89cxyw=="
    },
    "loose-envify": {
      "version": "1.4.0",
      "resolved": "https://registry.npmjs.org/loose-envify/-/loose-envify-1.4.0.tgz",
      "integrity": "sha512-lyuxPGr/Wfhrlem2CL/UcnUc1zcqKAImBDzukY7Y5F/yQiNdko6+fRLevlw1HgMySw7f611UIY408EtxRSoK3Q==",
      "requires": {
        "js-tokens": "^3.0.0 || ^4.0.0"
      }
    },
    "node-fetch": {
      "version": "2.6.1",
      "resolved": "https://registry.npmjs.org/node-fetch/-/node-fetch-2.6.1.tgz",
      "integrity": "sha512-V4aYg89jEoVRxRb2fJdAg8FHvI7cEyYdVAh94HH0UIK8oJxUfkjlDQN9RbMx+bEjP7+ggMiFRprSti032Oipxw=="
    },
    "object-assign": {
      "version": "4.1.1",
      "resolved": "https://registry.npmjs.org/object-assign/-/object-assign-4.1.1.tgz",
      "integrity": "sha1-IQmtx5ZYh8/AXLvUQsrIv7s2CGM="
    },
    "promise": {
      "version": "7.3.1",
      "resolved": "https://registry.npmjs.org/promise/-/promise-7.3.1.tgz",
      "integrity": "sha512-nolQXZ/4L+bP/UGlkfaIujX9BKxGwmQ9OT4mOt5yvy8iK1h3wqTEJCijzGANTCCl9nWjY41juyAn2K3Q1hLLTg==",
      "requires": {
        "asap": "~2.0.3"
      }
    },
    "prop-types": {
      "version": "15.7.2",
      "resolved": "https://registry.npmjs.org/prop-types/-/prop-types-15.7.2.tgz",
      "integrity": "sha512-8QQikdH7//R2vurIJSutZ1smHYTcLpRWEOlHnzcWHmBYrOGUysKwSsrC89BCiFj3CbrfJ/nXFdJepOVrY1GCHQ==",
      "requires": {
        "loose-envify": "^1.4.0",
        "object-assign": "^4.1.1",
        "react-is": "^16.8.1"
      }
    },
    "react-draft-wysiwyg": {
      "version": "1.14.7",
      "resolved": "https://registry.npmjs.org/react-draft-wysiwyg/-/react-draft-wysiwyg-1.14.7.tgz",
      "integrity": "sha512-D4X8F/ourvQZuqHzCQ6Vs6Tnt6TbGH58kvHQxC+aZGq+45ko2EyatL6G5C/paMaNKDZq2JRe7yAzykneMLpNOg==",
      "requires": {
        "classnames": "^2.2.6",
        "draftjs-utils": "^0.10.2",
        "html-to-draftjs": "^1.5.0",
        "linkify-it": "^2.2.0",
        "prop-types": "^15.7.2"
      }
    },
    "react-fast-compare": {
      "version": "3.2.0",
      "resolved": "https://registry.npmjs.org/react-fast-compare/-/react-fast-compare-3.2.0.tgz",
      "integrity": "sha512-rtGImPZ0YyLrscKI9xTpV8psd6I8VAtjKCzQDlzyDvqJA8XOW78TXYQwNRNd8g8JZnDu8q9Fu/1v4HPAVwVdHA=="
    },
    "react-is": {
      "version": "16.13.1",
      "resolved": "https://registry.npmjs.org/react-is/-/react-is-16.13.1.tgz",
      "integrity": "sha512-24e6ynE2H+OKt4kqsOvNd8kBpV65zoxbA4BVsEOB3ARVWQki/DHzaUoC5KuON/BiccDaCCTZBuOcfZs70kR8bQ=="
    },
    "react-popper": {
      "version": "2.2.5",
      "resolved": "https://registry.npmjs.org/react-popper/-/react-popper-2.2.5.tgz",
      "integrity": "sha512-kxGkS80eQGtLl18+uig1UIf9MKixFSyPxglsgLBxlYnyDf65BiY9B3nZSc6C9XUNDgStROB0fMQlTEz1KxGddw==",
      "requires": {
        "react-fast-compare": "^3.0.1",
        "warning": "^4.0.2"
      }
    },
    "setimmediate": {
      "version": "1.0.5",
      "resolved": "https://registry.npmjs.org/setimmediate/-/setimmediate-1.0.5.tgz",
      "integrity": "sha1-KQy7Iy4waULX1+qbg3Mqt4VvgoU="
    },
    "ua-parser-js": {
      "version": "0.7.28",
      "resolved": "https://registry.npmjs.org/ua-parser-js/-/ua-parser-js-0.7.28.tgz",
      "integrity": "sha512-6Gurc1n//gjp9eQNXjD9O3M/sMwVtN5S8Lv9bvOYBfKfDNiIIhqiyi01vMBO45u4zkDE420w/e0se7Vs+sIg+g=="
    },
    "uc.micro": {
      "version": "1.0.6",
      "resolved": "https://registry.npmjs.org/uc.micro/-/uc.micro-1.0.6.tgz",
      "integrity": "sha512-8Y75pvTYkLJW2hWQHXxoqRgV7qb9B+9vFEtidML+7koHUFapnVJAZ6cKs+Qjz5Aw3aZWHMC6u0wJE3At+nSGwA=="
    },
    "union-class-names": {
      "version": "1.0.0",
      "resolved": "https://registry.npmjs.org/union-class-names/-/union-class-names-1.0.0.tgz",
      "integrity": "sha1-kllgitrMOQlKKwz+FseOYgBheEc="
    },
    "warning": {
      "version": "4.0.3",
      "resolved": "https://registry.npmjs.org/warning/-/warning-4.0.3.tgz",
      "integrity": "sha512-rpJyN222KWIvHJ/F53XSZv0Zl/accqHR8et1kpaMTD/fLCRxtV8iX8czMzY7sVZupTI3zcUTg8eycS2kNF9l6w==",
      "requires": {
        "loose-envify": "^1.0.0"
      }
    }
  }
}
